
Microsoft Visual Studio Solution File, Format Version 12.00
# Visual Studio Version 16
VisualStudioVersion = 16.0.29209.62
MinimumVisualStudioVersion = 10.0.40219.1
Project("{8BC9CEB8-8B4A-11D0-8D11-00A0C91BC942}") = "ダンゴムシ進行001", "ダンゴムシ進行001\ダンゴムシ進行001.vcxproj", "{3467D7A8-735C-4BFA-854C-1189F8DE208A}"
EndProject
Global
	GlobalSection(SolutionConfigurationPlatforms) = preSolution
		Debug|x64 = Debug|x64
		Debug|x86 = Debug|x86
		Release|x64 = Release|x64
		Release|x86 = Release|x86
	EndGlobalSection
	GlobalSection(ProjectConfigurationPlatforms) = postSolution
		{3467D7A8-735C-4BFA-854C-1189F8DE208A}.Debug|x64.ActiveCfg = Debug|x64
		{3467D7A8-735C-4BFA-854C-1189F8DE208A}.Debug|x64.Build.0 = Debug|x64
		{3467D7A8-735C-4BFA-854C-1189F8DE208A}.Debug|x86.ActiveCfg = Debug|Win32
		{3467D7A8-735C-4BFA-854C-1189F8DE208A}.Debug|x86.Build.0 = Debug|Win32
		{3467D7A8-735C-4BFA-854C-1189F8DE208A}.Release|x64.ActiveCfg = Release|x64
		{3467D7A8-735C-4BFA-854C-1189F8DE208A}.Release|x64.Build.0 = Release|x64
		{3467D7A8-735C-4BFA-854C-1189F8DE208A}.Release|x86.ActiveCfg = Release|Win32
		{3467D7A8-735C-4BFA-854C-1189F8DE208A}.Release|x86.Build.0 = Release|Win32
	EndGlobalSection
	GlobalSection(SolutionProperties) = preSolution
		HideSolutionNode = FALSE
	EndGlobalSection
	GlobalSection(ExtensibilityGlobals) = postSolution
		SolutionGuid = {FC571A74-F10D-4629-841C-5F02FE858107}
	EndGlobalSection
EndGlobal
